
Microsoft Visual Studio Solution File, Format Version 12.00
# Visual Studio Version 17
VisualStudioVersion = 17.4.33103.184
MinimumVisualStudioVersion = 10.0.40219.1
Project("{9A19103F-16F7-4668-BE54-9A1E7A4F7556}") = "ConstructorInheritor", "ConstructorInheritor\ConstructorInheritor.csproj", "{31A6E00B-B5BF-4C7A-A0C5-B67CFC1FF5F9}"
EndProject
Project("{9A19103F-16F7-4668-BE54-9A1E7A4F7556}") = "ConstructorInhertorTest", "ConstructorInhertorTest\ConstructorInhertorTest.csproj", "{0E799178-C738-4D6F-AC01-4D88304C8E44}"
EndProject
Global
	GlobalSection(SolutionConfigurationPlatforms) = preSolution
		Debug|Any CPU = Debug|Any CPU
		Release|Any CPU = Release|Any CPU
	EndGlobalSection
	GlobalSection(ProjectConfigurationPlatforms) = postSolution
		{31A6E00B-B5BF-4C7A-A0C5-B67CFC1FF5F9}.Debug|Any CPU.ActiveCfg = Debug|Any CPU
		{31A6E00B-B5BF-4C7A-A0C5-B67CFC1FF5F9}.Debug|Any CPU.Build.0 = Debug|Any CPU
		{31A6E00B-B5BF-4C7A-A0C5-B67CFC1FF5F9}.Release|Any CPU.ActiveCfg = Release|Any CPU
		{31A6E00B-B5BF-4C7A-A0C5-B67CFC1FF5F9}.Release|Any CPU.Build.0 = Release|Any CPU
		{0E799178-C738-4D6F-AC01-4D88304C8E44}.Debug|Any CPU.ActiveCfg = Debug|Any CPU
		{0E799178-C738-4D6F-AC01-4D88304C8E44}.Debug|Any CPU.Build.0 = Debug|Any CPU
		{0E799178-C738-4D6F-AC01-4D88304C8E44}.Release|Any CPU.ActiveCfg = Release|Any CPU
		{0E799178-C738-4D6F-AC01-4D88304C8E44}.Release|Any CPU.Build.0 = Release|Any CPU
	EndGlobalSection
	GlobalSection(SolutionProperties) = preSolution
		HideSolutionNode = FALSE
	EndGlobalSection
	GlobalSection(ExtensibilityGlobals) = postSolution
		SolutionGuid = {C4608857-FD6E-4A8F-A347-20322F71666C}
	EndGlobalSection
EndGlobal
